
Microsoft Visual Studio Solution File, Format Version 12.00
# Visual Studio Version 17
VisualStudioVersion = 17.14.36518.9 d17.14
MinimumVisualStudioVersion = 10.0.40219.1
Project("{C9674DCB-5085-4A16-B785-4C70DD1589BD}") = "ETL01", "ETL01\ETL01.dtproj", "{5E27322D-4DE6-E9AA-67AC-5EA7BD627FA8}"
EndProject
Global
	GlobalSection(SolutionConfigurationPlatforms) = preSolution
		Development|Default = Development|Default
	EndGlobalSection
	GlobalSection(ProjectConfigurationPlatforms) = postSolution
		{5E27322D-4DE6-E9AA-67AC-5EA7BD627FA8}.Development|Default.ActiveCfg = Development
		{5E27322D-4DE6-E9AA-67AC-5EA7BD627FA8}.Development|Default.Build.0 = Development
	EndGlobalSection
	GlobalSection(SolutionProperties) = preSolution
		HideSolutionNode = FALSE
	EndGlobalSection
	GlobalSection(ExtensibilityGlobals) = postSolution
		SolutionGuid = {4ED46D0E-4E8A-4772-968D-3DCBEF781267}
	EndGlobalSection
EndGlobal
